
Microsoft Visual Studio Solution File, Format Version 12.00
# Visual Studio Version 17
VisualStudioVersion = 17.5.002.0
MinimumVisualStudioVersion = 10.0.40219.1
Project("{9A19103F-16F7-4668-BE54-9A1E7A4F7556}") = "UrlShortnerApi", "UrlShortnerApi.csproj", "{32E63B91-9009-4EB3-892B-BA98D58FE88B}"
EndProject
Global
	GlobalSection(SolutionConfigurationPlatforms) = preSolution
		Debug|Any CPU = Debug|Any CPU
		Release|Any CPU = Release|Any CPU
	EndGlobalSection
	GlobalSection(ProjectConfigurationPlatforms) = postSolution
		{32E63B91-9009-4EB3-892B-BA98D58FE88B}.Debug|Any CPU.ActiveCfg = Debug|Any CPU
		{32E63B91-9009-4EB3-892B-BA98D58FE88B}.Debug|Any CPU.Build.0 = Debug|Any CPU
		{32E63B91-9009-4EB3-892B-BA98D58FE88B}.Release|Any CPU.ActiveCfg = Release|Any CPU
		{32E63B91-9009-4EB3-892B-BA98D58FE88B}.Release|Any CPU.Build.0 = Release|Any CPU
	EndGlobalSection
	GlobalSection(SolutionProperties) = preSolution
		HideSolutionNode = FALSE
	EndGlobalSection
	GlobalSection(ExtensibilityGlobals) = postSolution
		SolutionGuid = {1FA7D0CB-419D-40B6-909E-B22D63B5BC65}
	EndGlobalSection
EndGlobal
